
Microsoft Visual Studio Solution File, Format Version 12.00
# Visual Studio Version 16
VisualStudioVersion = 16.0.29613.14
MinimumVisualStudioVersion = 10.0.40219.1
Project("{FAE04EC0-301F-11D3-BF4B-00C04F79EFBC}") = "TpIndividuel", "TpIndividuel\TpIndividuel.csproj", "{5C5B9E8F-D217-46A6-B23A-E14ABA8F9236}"
EndProject
Global
	GlobalSection(SolutionConfigurationPlatforms) = preSolution
		Debug|Any CPU = Debug|Any CPU
		Release|Any CPU = Release|Any CPU
	EndGlobalSection
	GlobalSection(ProjectConfigurationPlatforms) = postSolution
		{5C5B9E8F-D217-46A6-B23A-E14ABA8F9236}.Debug|Any CPU.ActiveCfg = Debug|Any CPU
		{5C5B9E8F-D217-46A6-B23A-E14ABA8F9236}.Debug|Any CPU.Build.0 = Debug|Any CPU
		{5C5B9E8F-D217-46A6-B23A-E14ABA8F9236}.Release|Any CPU.ActiveCfg = Release|Any CPU
		{5C5B9E8F-D217-46A6-B23A-E14ABA8F9236}.Release|Any CPU.Build.0 = Release|Any CPU
	EndGlobalSection
	GlobalSection(SolutionProperties) = preSolution
		HideSolutionNode = FALSE
	EndGlobalSection
	GlobalSection(ExtensibilityGlobals) = postSolution
		SolutionGuid = {9BADE878-A39A-437E-BA24-317F29F0B168}
	EndGlobalSection
EndGlobal
